// !$*UTF8*$!
{
	archiveVersion = 1;
	classes = {
	};
	objectVersion = 55;
	objects = {

/* Begin PBXBuildFile section */
		14C43A1F2810502B00AE7223 /* AppDelegate.swift in Sources */ = {isa = PBXBuildFile; fileRef = 14C43A1E2810502B00AE7223 /* AppDelegate.swift */; };
		14C43A212810502B00AE7223 /* ColorViewController.swift in Sources */ = {isa = PBXBuildFile; fileRef = 14C43A202810502B00AE7223 /* ColorViewController.swift */; };
		14C43A232810502B00AE7223 /* Assets.xcassets in Resources */ = {isa = PBXBuildFile; fileRef = 14C43A222810502B00AE7223 /* Assets.xcassets */; };
		14C43A262810502B00AE7223 /* Main.storyboard in Resources */ = {isa = PBXBuildFile; fileRef = 14C43A242810502B00AE7223 /* Main.storyboard */; };
		14C43A2F2810514300AE7223 /* ColorWheelPanelView in Frameworks */ = {isa = PBXBuildFile; productRef = 14C43A2E2810514300AE7223 /* ColorWheelPanelView */; };
		14E1555F2811104F000EBFAB /* GrayViewController.swift in Sources */ = {isa = PBXBuildFile; fileRef = 14E1555E2811104F000EBFAB /* GrayViewController.swift */; };
/* End PBXBuildFile section */

/* Begin PBXFileReference section */
		14C43A1B2810502B00AE7223 /* ColorWheelPanelViewSample.app */ = {isa = PBXFileReference; explicitFileType = wrapper.application; includeInIndex = 0; path = ColorWheelPanelViewSample.app; sourceTree = BUILT_PRODUCTS_DIR; };
		14C43A1E2810502B00AE7223 /* AppDelegate.swift */ = {isa = PBXFileReference; lastKnownFileType = sourcecode.swift; path = AppDelegate.swift; sourceTree = "<group>"; };
		14C43A202810502B00AE7223 /* ColorViewController.swift */ = {isa = PBXFileReference; lastKnownFileType = sourcecode.swift; path = ColorViewController.swift; sourceTree = "<group>"; };
		14C43A222810502B00AE7223 /* Assets.xcassets */ = {isa = PBXFileReference; lastKnownFileType = folder.assetcatalog; path = Assets.xcassets; sourceTree = "<group>"; };
		14C43A252810502B00AE7223 /* Base */ = {isa = PBXFileReference; lastKnownFileType = file.storyboard; name = Base; path = Base.lproj/Main.storyboard; sourceTree = "<group>"; };
		14C43A272810502B00AE7223 /* ColorWheelPanelViewSample.entitlements */ = {isa = PBXFileReference; lastKnownFileType = text.plist.entitlements; path = ColorWheelPanelViewSample.entitlements; sourceTree = "<group>"; };
		14E1555E2811104F000EBFAB /* GrayViewController.swift */ = {isa = PBXFileReference; lastKnownFileType = sourcecode.swift; path = GrayViewController.swift; sourceTree = "<group>"; };
/* End PBXFileReference section */

/* Begin PBXFrameworksBuildPhase section */
		14C43A182810502B00AE7223 /* Frameworks */ = {
			isa = PBXFrameworksBuildPhase;
			buildActionMask = 2147483647;
			files = (
				14C43A2F2810514300AE7223 /* ColorWheelPanelView in Frameworks */,
			);
			runOnlyForDeploymentPostprocessing = 0;
		};
/* End PBXFrameworksBuildPhase section */

/* Begin PBXGroup section */
		14C43A122810502B00AE7223 = {
			isa = PBXGroup;
			children = (
				14C43A1D2810502B00AE7223 /* ColorWheelPanelViewSample */,
				14C43A1C2810502B00AE7223 /* Products */,
				14C43A2D2810514300AE7223 /* Frameworks */,
			);
			sourceTree = "<group>";
		};
		14C43A1C2810502B00AE7223 /* Products */ = {
			isa = PBXGroup;
			children = (
				14C43A1B2810502B00AE7223 /* ColorWheelPanelViewSample.app */,
			);
			name = Products;
			sourceTree = "<group>";
		};
		14C43A1D2810502B00AE7223 /* ColorWheelPanelViewSample */ = {
			isa = PBXGroup;
			children = (
				14C43A1E2810502B00AE7223 /* AppDelegate.swift */,
				14C43A202810502B00AE7223 /* ColorViewController.swift */,
				14E1555E2811104F000EBFAB /* GrayViewController.swift */,
				14C43A222810502B00AE7223 /* Assets.xcassets */,
				14C43A242810502B00AE7223 /* Main.storyboard */,
				14C43A272810502B00AE7223 /* ColorWheelPanelViewSample.entitlements */,
			);
			path = ColorWheelPanelViewSample;
			sourceTree = "<group>";
		};
		14C43A2D2810514300AE7223 /* Frameworks */ = {
			isa = PBXGroup;
			children = (
			);
			name = Frameworks;
			sourceTree = "<group>";
		};
/* End PBXGroup section */

/* Begin PBXNativeTarget section */
		14C43A1A2810502B00AE7223 /* ColorWheelPanelViewSample */ = {
			isa = PBXNativeTarget;
			buildConfigurationList = 14C43A2A2810502B00AE7223 /* Build configuration list for PBXNativeTarget "ColorWheelPanelViewSample" */;
			buildPhases = (
				14C43A172810502B00AE7223 /* Sources */,
				14C43A182810502B00AE7223 /* Frameworks */,
				14C43A192810502B00AE7223 /* Resources */,
			);
			buildRules = (
			);
			dependencies = (
			);
			name = ColorWheelPanelViewSample;
			packageProductDependencies = (
				14C43A2E2810514300AE7223 /* ColorWheelPanelView */,
			);
			productName = ColorWheelPanelViewSample;
			productReference = 14C43A1B2810502B00AE7223 /* ColorWheelPanelViewSample.app */;
			productType = "com.apple.product-type.application";
		};
/* End PBXNativeTarget section */

/* Begin PBXProject section */
		14C43A132810502B00AE7223 /* Project object */ = {
			isa = PBXProject;
			attributes = {
				BuildIndependentTargetsInParallel = 1;
				LastSwiftUpdateCheck = 1330;
				LastUpgradeCheck = 1330;
				TargetAttributes = {
					14C43A1A2810502B00AE7223 = {
						CreatedOnToolsVersion = 13.3.1;
					};
				};
			};
			buildConfigurationList = 14C43A162810502B00AE7223 /* Build configuration list for PBXProject "ColorWheelPanelViewSample" */;
			compatibilityVersion = "Xcode 13.0";
			developmentRegion = en;
			hasScannedForEncodings = 0;
			knownRegions = (
				en,
				Base,
			);
			mainGroup = 14C43A122810502B00AE7223;
			productRefGroup = 14C43A1C2810502B00AE7223 /* Products */;
			projectDirPath = "";
			projectRoot = "";
			targets = (
				14C43A1A2810502B00AE7223 /* ColorWheelPanelViewSample */,
			);
		};
/* End PBXProject section */

/* Begin PBXResourcesBuildPhase section */
		14C43A192810502B00AE7223 /* Resources */ = {
			isa = PBXResourcesBuildPhase;
			buildActionMask = 2147483647;
			files = (
				14C43A232810502B00AE7223 /* Assets.xcassets in Resources */,
				14C43A262810502B00AE7223 /* Main.storyboard in Resources */,
			);
			runOnlyForDeploymentPostprocessing = 0;
		};
/* End PBXResourcesBuildPhase section */

/* Begin PBXSourcesBuildPhase section */
		14C43A172810502B00AE7223 /* Sources */ = {
			isa = PBXSourcesBuildPhase;
			buildActionMask = 2147483647;
			files = (
				14E1555F2811104F000EBFAB /* GrayViewController.swift in Sources */,
				14C43A212810502B00AE7223 /* ColorViewController.swift in Sources */,
				14C43A1F2810502B00AE7223 /* AppDelegate.swift in Sources */,
			);
			runOnlyForDeploymentPostprocessing = 0;
		};
/* End PBXSourcesBuildPhase section */

/* Begin PBXVariantGroup section */
		14C43A242810502B00AE7223 /* Main.storyboard */ = {
			isa = PBXVariantGroup;
			children = (
				14C43A252810502B00AE7223 /* Base */,
			);
			name = Main.storyboard;
			sourceTree = "<group>";
		};
/* End PBXVariantGroup section */

/* Begin XCBuildConfiguration section */
		14C43A282810502B00AE7223 /* Debug */ = {
			isa = XCBuildConfiguration;
			buildSettings = {
				ALWAYS_SEARCH_USER_PATHS = NO;
				CLANG_ANALYZER_NONNULL = YES;
				CLANG_ANALYZER_NUMBER_OBJECT_CONVERSION = YES_AGGRESSIVE;
				CLANG_CXX_LANGUAGE_STANDARD = "gnu++17";
				CLANG_ENABLE_MODULES = YES;
				CLANG_ENABLE_OBJC_ARC = YES;
				CLANG_ENABLE_OBJC_WEAK = YES;
				CLANG_WARN_BLOCK_CAPTURE_AUTORELEASING = YES;
				CLANG_WARN_BOOL_CONVERSION = YES;
				CLANG_WARN_COMMA = YES;
				CLANG_WARN_CONSTANT_CONVERSION = YES;
				CLANG_WARN_DEPRECATED_OBJC_IMPLEMENTATIONS = YES;
				CLANG_WARN_DIRECT_OBJC_ISA_USAGE = YES_ERROR;
				CLANG_WARN_DOCUMENTATION_COMMENTS = YES;
				CLANG_WARN_EMPTY_BODY = YES;
				CLANG_WARN_ENUM_CONVERSION = YES;
				CLANG_WARN_INFINITE_RECURSION = YES;
				CLANG_WARN_INT_CONVERSION = YES;
				CLANG_WARN_NON_LITERAL_NULL_CONVERSION = YES;
				CLANG_WARN_OBJC_IMPLICIT_RETAIN_SELF = YES;
				CLANG_WARN_OBJC_LITERAL_CONVERSION = YES;
				CLANG_WARN_OBJC_ROOT_CLASS = YES_ERROR;
				CLANG_WARN_QUOTED_INCLUDE_IN_FRAMEWORK_HEADER = YES;
				CLANG_WARN_RANGE_LOOP_ANALYSIS = YES;
				CLANG_WARN_STRICT_PROTOTYPES = YES;
				CLANG_WARN_SUSPICIOUS_MOVE = YES;
				CLANG_WARN_UNGUARDED_AVAILABILITY = YES_AGGRESSIVE;
				CLANG_WARN_UNREACHABLE_CODE = YES;
				CLANG_WARN__DUPLICATE_METHOD_MATCH = YES;
				COPY_PHASE_STRIP = NO;
				DEBUG_INFORMATION_FORMAT = dwarf;
				ENABLE_STRICT_OBJC_MSGSEND = YES;
				ENABLE_TESTABILITY = YES;
				GCC_C_LANGUAGE_STANDARD = gnu11;
				GCC_DYNAMIC_NO_PIC = NO;
				GCC_NO_COMMON_BLOCKS = YES;
				GCC_OPTIMIZATION_LEVEL = 0;
				GCC_PREPROCESSOR_DEFINITIONS = (
					"DEBUG=1",
					"$(inherited)",
				);
				GCC_WARN_64_TO_32_BIT_CONVERSION = YES;
				GCC_WARN_ABOUT_RETURN_TYPE = YES_ERROR;
				GCC_WARN_UNDECLARED_SELECTOR = YES;
				GCC_WARN_UNINITIALIZED_AUTOS = YES_AGGRESSIVE;
				GCC_WARN_UNUSED_FUNCTION = YES;
				GCC_WARN_UNUSED_VARIABLE = YES;
				MACOSX_DEPLOYMENT_TARGET = 12.3;
				MTL_ENABLE_DEBUG_INFO = INCLUDE_SOURCE;
				MTL_FAST_MATH = YES;
				ONLY_ACTIVE_ARCH = YES;
				SDKROOT = macosx;
				SWIFT_ACTIVE_COMPILATION_CONDITIONS = DEBUG;
				SWIFT_OPTIMIZATION_LEVEL = "-Onone";
			};
			name = Debug;
		};
		14C43A292810502B00AE7223 /* Release */ = {
			isa = XCBuildConfiguration;
			buildSettings = {
				ALWAYS_SEARCH_USER_PATHS = NO;
				CLANG_ANALYZER_NONNULL = YES;
				CLANG_ANALYZER_NUMBER_OBJECT_CONVERSION = YES_AGGRESSIVE;
				CLANG_CXX_LANGUAGE_STANDARD = "gnu++17";
				CLANG_ENABLE_MODULES = YES;
				CLANG_ENABLE_OBJC_ARC = YES;
				CLANG_ENABLE_OBJC_WEAK = YES;
				CLANG_WARN_BLOCK_CAPTURE_AUTORELEASING = YES;
				CLANG_WARN_BOOL_CONVERSION = YES;
				CLANG_WARN_COMMA = YES;
				CLANG_WARN_CONSTANT_CONVERSION = YES;
				CLANG_WARN_DEPRECATED_OBJC_IMPLEMENTATIONS = YES;
				CLANG_WARN_DIRECT_OBJC_ISA_USAGE = YES_ERROR;
				CLANG_WARN_DOCUMENTATION_COMMENTS = YES;
				CLANG_WARN_EMPTY_BODY = YES;
				CLANG_WARN_ENUM_CONVERSION = YES;
				CLANG_WARN_INFINITE_RECURSION = YES;
				CLANG_WARN_INT_CONVERSION = YES;
				CLANG_WARN_NON_LITERAL_NULL_CONVERSION = YES;
				CLANG_WARN_OBJC_IMPLICIT_RETAIN_SELF = YES;
				CLANG_WARN_OBJC_LITERAL_CONVERSION = YES;
				CLANG_WARN_OBJC_ROOT_CLASS = YES_ERROR;
				CLANG_WARN_QUOTED_INCLUDE_IN_FRAMEWORK_HEADER = YES;
				CLANG_WARN_RANGE_LOOP_ANALYSIS = YES;
				CLANG_WARN_STRICT_PROTOTYPES = YES;
				CLANG_WARN_SUSPICIOUS_MOVE = YES;
				CLANG_WARN_UNGUARDED_AVAILABILITY = YES_AGGRESSIVE;
				CLANG_WARN_UNREACHABLE_CODE = YES;
				CLANG_WARN__DUPLICATE_METHOD_MATCH = YES;
				COPY_PHASE_STRIP = NO;
				DEBUG_INFORMATION_FORMAT = "dwarf-with-dsym";
				ENABLE_NS_ASSERTIONS = NO;
				ENABLE_STRICT_OBJC_MSGSEND = YES;
				GCC_C_LANGUAGE_STANDARD = gnu11;
				GCC_NO_COMMON_BLOCKS = YES;
				GCC_WARN_64_TO_32_BIT_CONVERSION = YES;
				GCC_WARN_ABOUT_RETURN_TYPE = YES_ERROR;
				GCC_WARN_UNDECLARED_SELECTOR = YES;
				GCC_WARN_UNINITIALIZED_AUTOS = YES_AGGRESSIVE;
				GCC_WARN_UNUSED_FUNCTION = YES;
				GCC_WARN_UNUSED_VARIABLE = YES;
				MACOSX_DEPLOYMENT_TARGET = 12.3;
				MTL_ENABLE_DEBUG_INFO = NO;
				MTL_FAST_MATH = YES;
				SDKROOT = macosx;
				SWIFT_COMPILATION_MODE = wholemodule;
				SWIFT_OPTIMIZATION_LEVEL = "-O";
			};
			name = Release;
		};
		14C43A2B2810502B00AE7223 /* Debug */ = {
			isa = XCBuildConfiguration;
			buildSettings = {
				ASSETCATALOG_COMPILER_APPICON_NAME = AppIcon;
				ASSETCATALOG_COMPILER_GLOBAL_ACCENT_COLOR_NAME = AccentColor;
				CODE_SIGN_ENTITLEMENTS = ColorWheelPanelViewSample/ColorWheelPanelViewSample.entitlements;
				CODE_SIGN_STYLE = Automatic;
				COMBINE_HIDPI_IMAGES = YES;
				CURRENT_PROJECT_VERSION = 1;
				DEVELOPMENT_TEAM = JP866VWWSD;
				ENABLE_HARDENED_RUNTIME = YES;
				GENERATE_INFOPLIST_FILE = YES;
				INFOPLIST_KEY_NSHumanReadableCopyright = "";
				INFOPLIST_KEY_NSMainStoryboardFile = Main;
				INFOPLIST_KEY_NSPrincipalClass = NSApplication;
				LD_RUNPATH_SEARCH_PATHS = (
					"$(inherited)",
					"@executable_path/../Frameworks",
				);
				MARKETING_VERSION = 1.0;
				PRODUCT_BUNDLE_IDENTIFIER = com.sonson.ColorWheelPanelViewSample;
				PRODUCT_NAME = "$(TARGET_NAME)";
				SWIFT_EMIT_LOC_STRINGS = YES;
				SWIFT_VERSION = 5.0;
			};
			name = Debug;
		};
		14C43A2C2810502B00AE7223 /* Release */ = {
			isa = XCBuildConfiguration;
			buildSettings = {
				ASSETCATALOG_COMPILER_APPICON_NAME = AppIcon;
				ASSETCATALOG_COMPILER_GLOBAL_ACCENT_COLOR_NAME = AccentColor;
				CODE_SIGN_ENTITLEMENTS = ColorWheelPanelViewSample/ColorWheelPanelViewSample.entitlements;
				CODE_SIGN_STYLE = Automatic;
				COMBINE_HIDPI_IMAGES = YES;
				CURRENT_PROJECT_VERSION = 1;
				DEVELOPMENT_TEAM = JP866VWWSD;
				ENABLE_HARDENED_RUNTIME = YES;
				GENERATE_INFOPLIST_FILE = YES;
				INFOPLIST_KEY_NSHumanReadableCopyright = "";
				INFOPLIST_KEY_NSMainStoryboardFile = Main;
				INFOPLIST_KEY_NSPrincipalClass = NSApplication;
				LD_RUNPATH_SEARCH_PATHS = (
					"$(inherited)",
					"@executable_path/../Frameworks",
				);
				MARKETING_VERSION = 1.0;
				PRODUCT_BUNDLE_IDENTIFIER = com.sonson.ColorWheelPanelViewSample;
				PRODUCT_NAME = "$(TARGET_NAME)";
				SWIFT_EMIT_LOC_STRINGS = YES;
				SWIFT_VERSION = 5.0;
			};
			name = Release;
		};
/* End XCBuildConfiguration section */

/* Begin XCConfigurationList section */
		14C43A162810502B00AE7223 /* Build configuration list for PBXProject "ColorWheelPanelViewSample" */ = {
			isa = XCConfigurationList;
			buildConfigurations = (
				14C43A282810502B00AE7223 /* Debug */,
				14C43A292810502B00AE7223 /* Release */,
			);
			defaultConfigurationIsVisible = 0;
			defaultConfigurationName = Release;
		};
		14C43A2A2810502B00AE7223 /* Build configuration list for PBXNativeTarget "ColorWheelPanelViewSample" */ = {
			isa = XCConfigurationList;
			buildConfigurations = (
				14C43A2B2810502B00AE7223 /* Debug */,
				14C43A2C2810502B00AE7223 /* Release */,
			);
			defaultConfigurationIsVisible = 0;
			defaultConfigurationName = Release;
		};
/* End XCConfigurationList section */

/* Begin XCSwiftPackageProductDependency section */
		14C43A2E2810514300AE7223 /* ColorWheelPanelView */ = {
			isa = XCSwiftPackageProductDependency;
			productName = ColorWheelPanelView;
		};
/* End XCSwiftPackageProductDependency section */
	};
	rootObject = 14C43A132810502B00AE7223 /* Project object */;
}
